
Microsoft Visual Studio Solution File, Format Version 12.00
# Visual Studio Version 17
VisualStudioVersion = 17.0.31717.71
MinimumVisualStudioVersion = 10.0.40219.1
Project("{9A19103F-16F7-4668-BE54-9A1E7A4F7556}") = "Times", "Times.csproj", "{887835FB-29DF-468B-83FA-6A318C5376BC}"
EndProject
Global
	GlobalSection(SolutionConfigurationPlatforms) = preSolution
		Debug|Any CPU = Debug|Any CPU
		Release|Any CPU = Release|Any CPU
	EndGlobalSection
	GlobalSection(ProjectConfigurationPlatforms) = postSolution
		{887835FB-29DF-468B-83FA-6A318C5376BC}.Debug|Any CPU.ActiveCfg = Debug|Any CPU
		{887835FB-29DF-468B-83FA-6A318C5376BC}.Debug|Any CPU.Build.0 = Debug|Any CPU
		{887835FB-29DF-468B-83FA-6A318C5376BC}.Release|Any CPU.ActiveCfg = Release|Any CPU
		{887835FB-29DF-468B-83FA-6A318C5376BC}.Release|Any CPU.Build.0 = Release|Any CPU
	EndGlobalSection
	GlobalSection(SolutionProperties) = preSolution
		HideSolutionNode = FALSE
	EndGlobalSection
	GlobalSection(ExtensibilityGlobals) = postSolution
		SolutionGuid = {690CF3C7-7C2C-4E5B-BADF-C8B523EFFE3F}
	EndGlobalSection
EndGlobal
